
Microsoft Visual Studio Solution File, Format Version 12.00
# Visual Studio 15
VisualStudioVersion = 15.0.28307.1525
MinimumVisualStudioVersion = 10.0.40219.1
Project("{FAE04EC0-301F-11D3-BF4B-00C04F79EFBC}") = "StoreFrontV2.UI.MVC", "StoreFrontV2.UI.MVC\StoreFrontV2.UI.MVC.csproj", "{076E3212-851B-4259-9EAB-9283CD2395A4}"
EndProject
Global
	GlobalSection(SolutionConfigurationPlatforms) = preSolution
		Debug|Any CPU = Debug|Any CPU
		Release|Any CPU = Release|Any CPU
	EndGlobalSection
	GlobalSection(ProjectConfigurationPlatforms) = postSolution
		{076E3212-851B-4259-9EAB-9283CD2395A4}.Debug|Any CPU.ActiveCfg = Debug|Any CPU
		{076E3212-851B-4259-9EAB-9283CD2395A4}.Debug|Any CPU.Build.0 = Debug|Any CPU
		{076E3212-851B-4259-9EAB-9283CD2395A4}.Release|Any CPU.ActiveCfg = Release|Any CPU
		{076E3212-851B-4259-9EAB-9283CD2395A4}.Release|Any CPU.Build.0 = Release|Any CPU
	EndGlobalSection
	GlobalSection(SolutionProperties) = preSolution
		HideSolutionNode = FALSE
	EndGlobalSection
	GlobalSection(ExtensibilityGlobals) = postSolution
		SolutionGuid = {743C96C9-49C6-4D67-91A8-CBA6BE9F80BA}
	EndGlobalSection
EndGlobal
